
Microsoft Visual Studio Solution File, Format Version 12.00
# Visual Studio Version 16
VisualStudioVersion = 16.0.31321.278
MinimumVisualStudioVersion = 10.0.40219.1
Project("{9A19103F-16F7-4668-BE54-9A1E7A4F7556}") = "SistemaInventario", "SistemaInventario\SistemaInventario.csproj", "{DDDDF47F-1B3E-45E0-80C2-98E6FE597855}"
EndProject
Project("{FAE04EC0-301F-11D3-BF4B-00C04F79EFBC}") = "SistemaInventario.AccesoDatos", "SistemaInventario.AccesoDatos\SistemaInventario.AccesoDatos.csproj", "{0BE611D7-4144-4B50-AD37-8BA62759D080}"
EndProject
Project("{FAE04EC0-301F-11D3-BF4B-00C04F79EFBC}") = "SistemaInventario.Modelos", "SistemaInventario.Modelos\SistemaInventario.Modelos.csproj", "{7B8B1AB5-BD3D-4A9A-A8B5-CF10B0012A98}"
EndProject
Project("{FAE04EC0-301F-11D3-BF4B-00C04F79EFBC}") = "SistemaInventario.Utilidades", "SistemaInventario.Utilidades\SistemaInventario.Utilidades.csproj", "{7910371C-AA2D-4B66-BF03-BCDA46C90B05}"
EndProject
Global
	GlobalSection(SolutionConfigurationPlatforms) = preSolution
		Debug|Any CPU = Debug|Any CPU
		Release|Any CPU = Release|Any CPU
	EndGlobalSection
	GlobalSection(ProjectConfigurationPlatforms) = postSolution
		{DDDDF47F-1B3E-45E0-80C2-98E6FE597855}.Debug|Any CPU.ActiveCfg = Debug|Any CPU
		{DDDDF47F-1B3E-45E0-80C2-98E6FE597855}.Debug|Any CPU.Build.0 = Debug|Any CPU
		{DDDDF47F-1B3E-45E0-80C2-98E6FE597855}.Release|Any CPU.ActiveCfg = Release|Any CPU
		{DDDDF47F-1B3E-45E0-80C2-98E6FE597855}.Release|Any CPU.Build.0 = Release|Any CPU
		{0BE611D7-4144-4B50-AD37-8BA62759D080}.Debug|Any CPU.ActiveCfg = Debug|Any CPU
		{0BE611D7-4144-4B50-AD37-8BA62759D080}.Debug|Any CPU.Build.0 = Debug|Any CPU
		{0BE611D7-4144-4B50-AD37-8BA62759D080}.Release|Any CPU.ActiveCfg = Release|Any CPU
		{0BE611D7-4144-4B50-AD37-8BA62759D080}.Release|Any CPU.Build.0 = Release|Any CPU
		{7B8B1AB5-BD3D-4A9A-A8B5-CF10B0012A98}.Debug|Any CPU.ActiveCfg = Debug|Any CPU
		{7B8B1AB5-BD3D-4A9A-A8B5-CF10B0012A98}.Debug|Any CPU.Build.0 = Debug|Any CPU
		{7B8B1AB5-BD3D-4A9A-A8B5-CF10B0012A98}.Release|Any CPU.ActiveCfg = Release|Any CPU
		{7B8B1AB5-BD3D-4A9A-A8B5-CF10B0012A98}.Release|Any CPU.Build.0 = Release|Any CPU
		{7910371C-AA2D-4B66-BF03-BCDA46C90B05}.Debug|Any CPU.ActiveCfg = Debug|Any CPU
		{7910371C-AA2D-4B66-BF03-BCDA46C90B05}.Debug|Any CPU.Build.0 = Debug|Any CPU
		{7910371C-AA2D-4B66-BF03-BCDA46C90B05}.Release|Any CPU.ActiveCfg = Release|Any CPU
		{7910371C-AA2D-4B66-BF03-BCDA46C90B05}.Release|Any CPU.Build.0 = Release|Any CPU
	EndGlobalSection
	GlobalSection(SolutionProperties) = preSolution
		HideSolutionNode = FALSE
	EndGlobalSection
	GlobalSection(ExtensibilityGlobals) = postSolution
		SolutionGuid = {38A8F6BF-26E0-42B4-9305-5BC4F55119DF}
	EndGlobalSection
EndGlobal
